PODS:
  - YoCommon (0.0.1):
    - YoCommon/Configure (= 0.0.1)
    - YoCommon/Define (= 0.0.1)
  - YoCommon/Configure (0.0.1)
  - YoCommon/Define (0.0.1)

DEPENDENCIES:
  - YoCommon (from `../`)

EXTERNAL SOURCES:
  YoCommon:
    :path: "../"

SPEC CHECKSUMS:
  YoCommon: 2869dc03e21383944fea55e4d4c39c12ce673a86

PODFILE CHECKSUM: 892f7d1b692b5591056cc776d3746eb3329e6dc6

COCOAPODS: 1.11.2
